
Microsoft Visual Studio Solution File, Format Version 12.00
# Visual Studio Version 16
VisualStudioVersion = 16.0.31410.357
MinimumVisualStudioVersion = 10.0.40219.1
Project("{888888A0-9F3D-457C-B088-3A5042F75D52}") = "hellopyhton", "hellopyhton.pyproj", "{BC7EC8D3-34FE-43FF-AF59-CA0F8D70FA64}"
EndProject
Global
	GlobalSection(SolutionConfigurationPlatforms) = preSolution
		Debug|Any CPU = Debug|Any CPU
		Release|Any CPU = Release|Any CPU
	EndGlobalSection
	GlobalSection(ProjectConfigurationPlatforms) = postSolution
		{BC7EC8D3-34FE-43FF-AF59-CA0F8D70FA64}.Debug|Any CPU.ActiveCfg = Debug|Any CPU
		{BC7EC8D3-34FE-43FF-AF59-CA0F8D70FA64}.Release|Any CPU.ActiveCfg = Release|Any CPU
	EndGlobalSection
	GlobalSection(SolutionProperties) = preSolution
		HideSolutionNode = FALSE
	EndGlobalSection
	GlobalSection(ExtensibilityGlobals) = postSolution
		SolutionGuid = {DAB8CA47-C601-437E-B1C4-587AD177B5A4}
	EndGlobalSection
EndGlobal
